
Microsoft Visual Studio Solution File, Format Version 12.00
Project("{FAE04EC0-301F-11D3-BF4B-00C04F79EFBC}") = "newHomeWork", "newHomeWork\newHomeWork.csproj", "{6DF5A3C0-747D-4EDD-8620-6B0A9AFAACB1}"
EndProject
Project("{FAE04EC0-301F-11D3-BF4B-00C04F79EFBC}") = "HOMEWORK_6", "HOMEWORK_6\HOMEWORK_6.csproj", "{346263DD-F5C3-40A0-8DF8-4E5476853D49}"
EndProject
Project("{FAE04EC0-301F-11D3-BF4B-00C04F79EFBC}") = "HomeWork_7", "HomeWork_7\HomeWork_7.csproj", "{9B48A9FC-7A80-439E-AE4B-90F58A7D470E}"
EndProject
Project("{FAE04EC0-301F-11D3-BF4B-00C04F79EFBC}") = "HOMEWORK_8", "HOMEWORK_8\HOMEWORK_8.csproj", "{C21D793B-D545-4D74-A4F8-0579AF882526}"
EndProject
Global
	GlobalSection(SolutionConfigurationPlatforms) = preSolution
		Debug|Any CPU = Debug|Any CPU
		Release|Any CPU = Release|Any CPU
	EndGlobalSection
	GlobalSection(ProjectConfigurationPlatforms) = postSolution
		{6DF5A3C0-747D-4EDD-8620-6B0A9AFAACB1}.Debug|Any CPU.ActiveCfg = Debug|Any CPU
		{6DF5A3C0-747D-4EDD-8620-6B0A9AFAACB1}.Debug|Any CPU.Build.0 = Debug|Any CPU
		{6DF5A3C0-747D-4EDD-8620-6B0A9AFAACB1}.Release|Any CPU.ActiveCfg = Release|Any CPU
		{6DF5A3C0-747D-4EDD-8620-6B0A9AFAACB1}.Release|Any CPU.Build.0 = Release|Any CPU
		{346263DD-F5C3-40A0-8DF8-4E5476853D49}.Debug|Any CPU.ActiveCfg = Debug|Any CPU
		{346263DD-F5C3-40A0-8DF8-4E5476853D49}.Debug|Any CPU.Build.0 = Debug|Any CPU
		{346263DD-F5C3-40A0-8DF8-4E5476853D49}.Release|Any CPU.ActiveCfg = Release|Any CPU
		{346263DD-F5C3-40A0-8DF8-4E5476853D49}.Release|Any CPU.Build.0 = Release|Any CPU
		{9B48A9FC-7A80-439E-AE4B-90F58A7D470E}.Debug|Any CPU.ActiveCfg = Debug|Any CPU
		{9B48A9FC-7A80-439E-AE4B-90F58A7D470E}.Debug|Any CPU.Build.0 = Debug|Any CPU
		{9B48A9FC-7A80-439E-AE4B-90F58A7D470E}.Release|Any CPU.ActiveCfg = Release|Any CPU
		{9B48A9FC-7A80-439E-AE4B-90F58A7D470E}.Release|Any CPU.Build.0 = Release|Any CPU
		{C21D793B-D545-4D74-A4F8-0579AF882526}.Debug|Any CPU.ActiveCfg = Debug|Any CPU
		{C21D793B-D545-4D74-A4F8-0579AF882526}.Debug|Any CPU.Build.0 = Debug|Any CPU
		{C21D793B-D545-4D74-A4F8-0579AF882526}.Release|Any CPU.ActiveCfg = Release|Any CPU
		{C21D793B-D545-4D74-A4F8-0579AF882526}.Release|Any CPU.Build.0 = Release|Any CPU
	EndGlobalSection
EndGlobal
